
Microsoft Visual Studio Solution File, Format Version 12.00
# Visual Studio Version 17
VisualStudioVersion = 17.3.32901.215
MinimumVisualStudioVersion = 10.0.40219.1
Project("{9A19103F-16F7-4668-BE54-9A1E7A4F7556}") = "KattisQstopWatch", "C#\KattisQstopWatch\KattisQstopWatch.csproj", "{A133064D-23B2-44BE-AEEC-85284654B8B7}"
EndProject
Project("{9A19103F-16F7-4668-BE54-9A1E7A4F7556}") = "KattisQNastyHacks", "C#\KattisQNastyHacks\KattisQNastyHacks.csproj", "{C178FAF5-31F7-47B5-9B95-A8FDC8592ABE}"
EndProject
Project("{9A19103F-16F7-4668-BE54-9A1E7A4F7556}") = "SevenWonders", "C#\SevenWonders\SevenWonders.csproj", "{3918107D-B565-4E05-BCAD-3EAE20CB2EF9}"
EndProject
Project("{9A19103F-16F7-4668-BE54-9A1E7A4F7556}") = "StuckInATimeLoop", "C#\StuckInATimeLoop\StuckInATimeLoop.csproj", "{BFE49F24-1A8C-4469-B420-903D02C9DBF0}"
EndProject
Project("{9A19103F-16F7-4668-BE54-9A1E7A4F7556}") = "HelpPhDCandidate", "C#\HelpPhDCandidate\HelpPhDCandidate.csproj", "{984D77A8-1527-4E76-BAA7-DEBE50042928}"
EndProject
Project("{9A19103F-16F7-4668-BE54-9A1E7A4F7556}") = "SavingForRetirement", "C#\SavingForRetirement\SavingForRetirement.csproj", "{D09FEB2B-F201-4469-8861-0B407820BA9F}"
EndProject
Project("{9A19103F-16F7-4668-BE54-9A1E7A4F7556}") = "JobExpenses", "C#\JobExpenses\JobExpenses.csproj", "{B82EE20B-E645-4E3C-80E1-289D9640F404}"
EndProject
Project("{9A19103F-16F7-4668-BE54-9A1E7A4F7556}") = "SomeSum", "C#\SomeSum\SomeSum.csproj", "{64B32D9F-DAB5-4997-BC99-E681F4B245DF}"
EndProject
Project("{9A19103F-16F7-4668-BE54-9A1E7A4F7556}") = "VaccineEfficacy", "C#\VaccineEfficacy\VaccineEfficacy.csproj", "{FC732425-BAA3-482F-8730-7F1853360E41}"
EndProject
Project("{9A19103F-16F7-4668-BE54-9A1E7A4F7556}") = "DeathKnightHero", "C#\DeathKnightHero\DeathKnightHero.csproj", "{C02BB066-9BF0-417B-BD21-88253EDA6EC1}"
EndProject
Project("{9A19103F-16F7-4668-BE54-9A1E7A4F7556}") = "Autori", "C#\Autori\Autori.csproj", "{719FF98A-5EFC-4B6F-A241-C26FC88501C5}"
EndProject
Project("{9A19103F-16F7-4668-BE54-9A1E7A4F7556}") = "CD", "C#\CD\CD.csproj", "{CAC3364A-D7E0-40F5-9C63-C07AED08B085}"
EndProject
Project("{9A19103F-16F7-4668-BE54-9A1E7A4F7556}") = "HeartRate", "C#\HeartRate\HeartRate.csproj", "{23FA1235-133B-40DD-B1C9-ADF78898F651}"
EndProject
Project("{9A19103F-16F7-4668-BE54-9A1E7A4F7556}") = "Avion", "C#\Avion\Avion.csproj", "{2D795237-04CE-44A3-BC7E-06C27C1E300A}"
EndProject
Project("{9A19103F-16F7-4668-BE54-9A1E7A4F7556}") = "Pet", "C#\Pet\Pet.csproj", "{45CB145B-CBD8-4AB4-9486-315D04EFA4C8}"
EndProject
Project("{9A19103F-16F7-4668-BE54-9A1E7A4F7556}") = "EncodedMessage", "C#\EncodedMessage\EncodedMessage.csproj", "{9FF8879F-9BFE-4EFC-B1D9-67931CE6D344}"
EndProject
Project("{9A19103F-16F7-4668-BE54-9A1E7A4F7556}") = "Parking", "C#\Parking\Parking.csproj", "{5282A49F-7411-40AF-A280-0D8A7C9F6546}"
EndProject
Project("{9A19103F-16F7-4668-BE54-9A1E7A4F7556}") = "ABC", "C#\ABC\ABC.csproj", "{22C4ACBD-DC3D-4FB4-9537-415EC4C83C04}"
EndProject
Project("{9A19103F-16F7-4668-BE54-9A1E7A4F7556}") = "AboveAverage", "C#\AboveAverage\AboveAverage.csproj", "{2A922890-0E91-463B-8A8D-DEF71AACC250}"
EndProject
Project("{FAE04EC0-301F-11D3-BF4B-00C04F79EFBC}") = "GuessTheNumber", "C#\GuessTheNumber\GuessTheNumber.csproj", "{923E55C7-4E70-45B9-9B5E-1A18463FF5EA}"
EndProject
Global
	GlobalSection(SolutionConfigurationPlatforms) = preSolution
		Debug|Any CPU = Debug|Any CPU
		Release|Any CPU = Release|Any CPU
	EndGlobalSection
	GlobalSection(ProjectConfigurationPlatforms) = postSolution
		{A133064D-23B2-44BE-AEEC-85284654B8B7}.Debug|Any CPU.ActiveCfg = Debug|Any CPU
		{A133064D-23B2-44BE-AEEC-85284654B8B7}.Debug|Any CPU.Build.0 = Debug|Any CPU
		{A133064D-23B2-44BE-AEEC-85284654B8B7}.Release|Any CPU.ActiveCfg = Release|Any CPU
		{A133064D-23B2-44BE-AEEC-85284654B8B7}.Release|Any CPU.Build.0 = Release|Any CPU
		{C178FAF5-31F7-47B5-9B95-A8FDC8592ABE}.Debug|Any CPU.ActiveCfg = Debug|Any CPU
		{C178FAF5-31F7-47B5-9B95-A8FDC8592ABE}.Debug|Any CPU.Build.0 = Debug|Any CPU
		{C178FAF5-31F7-47B5-9B95-A8FDC8592ABE}.Release|Any CPU.ActiveCfg = Release|Any CPU
		{C178FAF5-31F7-47B5-9B95-A8FDC8592ABE}.Release|Any CPU.Build.0 = Release|Any CPU
		{3918107D-B565-4E05-BCAD-3EAE20CB2EF9}.Debug|Any CPU.ActiveCfg = Debug|Any CPU
		{3918107D-B565-4E05-BCAD-3EAE20CB2EF9}.Debug|Any CPU.Build.0 = Debug|Any CPU
		{3918107D-B565-4E05-BCAD-3EAE20CB2EF9}.Release|Any CPU.ActiveCfg = Release|Any CPU
		{3918107D-B565-4E05-BCAD-3EAE20CB2EF9}.Release|Any CPU.Build.0 = Release|Any CPU
		{BFE49F24-1A8C-4469-B420-903D02C9DBF0}.Debug|Any CPU.ActiveCfg = Debug|Any CPU
		{BFE49F24-1A8C-4469-B420-903D02C9DBF0}.Debug|Any CPU.Build.0 = Debug|Any CPU
		{BFE49F24-1A8C-4469-B420-903D02C9DBF0}.Release|Any CPU.ActiveCfg = Release|Any CPU
		{BFE49F24-1A8C-4469-B420-903D02C9DBF0}.Release|Any CPU.Build.0 = Release|Any CPU
		{984D77A8-1527-4E76-BAA7-DEBE50042928}.Debug|Any CPU.ActiveCfg = Debug|Any CPU
		{984D77A8-1527-4E76-BAA7-DEBE50042928}.Debug|Any CPU.Build.0 = Debug|Any CPU
		{984D77A8-1527-4E76-BAA7-DEBE50042928}.Release|Any CPU.ActiveCfg = Release|Any CPU
		{984D77A8-1527-4E76-BAA7-DEBE50042928}.Release|Any CPU.Build.0 = Release|Any CPU
		{D09FEB2B-F201-4469-8861-0B407820BA9F}.Debug|Any CPU.ActiveCfg = Debug|Any CPU
		{D09FEB2B-F201-4469-8861-0B407820BA9F}.Debug|Any CPU.Build.0 = Debug|Any CPU
		{D09FEB2B-F201-4469-8861-0B407820BA9F}.Release|Any CPU.ActiveCfg = Release|Any CPU
		{D09FEB2B-F201-4469-8861-0B407820BA9F}.Release|Any CPU.Build.0 = Release|Any CPU
		{B82EE20B-E645-4E3C-80E1-289D9640F404}.Debug|Any CPU.ActiveCfg = Debug|Any CPU
		{B82EE20B-E645-4E3C-80E1-289D9640F404}.Debug|Any CPU.Build.0 = Debug|Any CPU
		{B82EE20B-E645-4E3C-80E1-289D9640F404}.Release|Any CPU.ActiveCfg = Release|Any CPU
		{B82EE20B-E645-4E3C-80E1-289D9640F404}.Release|Any CPU.Build.0 = Release|Any CPU
		{64B32D9F-DAB5-4997-BC99-E681F4B245DF}.Debug|Any CPU.ActiveCfg = Debug|Any CPU
		{64B32D9F-DAB5-4997-BC99-E681F4B245DF}.Debug|Any CPU.Build.0 = Debug|Any CPU
		{64B32D9F-DAB5-4997-BC99-E681F4B245DF}.Release|Any CPU.ActiveCfg = Release|Any CPU
		{64B32D9F-DAB5-4997-BC99-E681F4B245DF}.Release|Any CPU.Build.0 = Release|Any CPU
		{FC732425-BAA3-482F-8730-7F1853360E41}.Debug|Any CPU.ActiveCfg = Debug|Any CPU
		{FC732425-BAA3-482F-8730-7F1853360E41}.Debug|Any CPU.Build.0 = Debug|Any CPU
		{FC732425-BAA3-482F-8730-7F1853360E41}.Release|Any CPU.ActiveCfg = Release|Any CPU
		{FC732425-BAA3-482F-8730-7F1853360E41}.Release|Any CPU.Build.0 = Release|Any CPU
		{C02BB066-9BF0-417B-BD21-88253EDA6EC1}.Debug|Any CPU.ActiveCfg = Debug|Any CPU
		{C02BB066-9BF0-417B-BD21-88253EDA6EC1}.Debug|Any CPU.Build.0 = Debug|Any CPU
		{C02BB066-9BF0-417B-BD21-88253EDA6EC1}.Release|Any CPU.ActiveCfg = Release|Any CPU
		{C02BB066-9BF0-417B-BD21-88253EDA6EC1}.Release|Any CPU.Build.0 = Release|Any CPU
		{719FF98A-5EFC-4B6F-A241-C26FC88501C5}.Debug|Any CPU.ActiveCfg = Debug|Any CPU
		{719FF98A-5EFC-4B6F-A241-C26FC88501C5}.Debug|Any CPU.Build.0 = Debug|Any CPU
		{719FF98A-5EFC-4B6F-A241-C26FC88501C5}.Release|Any CPU.ActiveCfg = Release|Any CPU
		{719FF98A-5EFC-4B6F-A241-C26FC88501C5}.Release|Any CPU.Build.0 = Release|Any CPU
		{CAC3364A-D7E0-40F5-9C63-C07AED08B085}.Debug|Any CPU.ActiveCfg = Debug|Any CPU
		{CAC3364A-D7E0-40F5-9C63-C07AED08B085}.Debug|Any CPU.Build.0 = Debug|Any CPU
		{CAC3364A-D7E0-40F5-9C63-C07AED08B085}.Release|Any CPU.ActiveCfg = Release|Any CPU
		{CAC3364A-D7E0-40F5-9C63-C07AED08B085}.Release|Any CPU.Build.0 = Release|Any CPU
		{23FA1235-133B-40DD-B1C9-ADF78898F651}.Debug|Any CPU.ActiveCfg = Debug|Any CPU
		{23FA1235-133B-40DD-B1C9-ADF78898F651}.Debug|Any CPU.Build.0 = Debug|Any CPU
		{23FA1235-133B-40DD-B1C9-ADF78898F651}.Release|Any CPU.ActiveCfg = Release|Any CPU
		{23FA1235-133B-40DD-B1C9-ADF78898F651}.Release|Any CPU.Build.0 = Release|Any CPU
		{2D795237-04CE-44A3-BC7E-06C27C1E300A}.Debug|Any CPU.ActiveCfg = Debug|Any CPU
		{2D795237-04CE-44A3-BC7E-06C27C1E300A}.Debug|Any CPU.Build.0 = Debug|Any CPU
		{2D795237-04CE-44A3-BC7E-06C27C1E300A}.Release|Any CPU.ActiveCfg = Release|Any CPU
		{2D795237-04CE-44A3-BC7E-06C27C1E300A}.Release|Any CPU.Build.0 = Release|Any CPU
		{45CB145B-CBD8-4AB4-9486-315D04EFA4C8}.Debug|Any CPU.ActiveCfg = Debug|Any CPU
		{45CB145B-CBD8-4AB4-9486-315D04EFA4C8}.Debug|Any CPU.Build.0 = Debug|Any CPU
		{45CB145B-CBD8-4AB4-9486-315D04EFA4C8}.Release|Any CPU.ActiveCfg = Release|Any CPU
		{45CB145B-CBD8-4AB4-9486-315D04EFA4C8}.Release|Any CPU.Build.0 = Release|Any CPU
		{9FF8879F-9BFE-4EFC-B1D9-67931CE6D344}.Debug|Any CPU.ActiveCfg = Debug|Any CPU
		{9FF8879F-9BFE-4EFC-B1D9-67931CE6D344}.Debug|Any CPU.Build.0 = Debug|Any CPU
		{9FF8879F-9BFE-4EFC-B1D9-67931CE6D344}.Release|Any CPU.ActiveCfg = Release|Any CPU
		{9FF8879F-9BFE-4EFC-B1D9-67931CE6D344}.Release|Any CPU.Build.0 = Release|Any CPU
		{5282A49F-7411-40AF-A280-0D8A7C9F6546}.Debug|Any CPU.ActiveCfg = Debug|Any CPU
		{5282A49F-7411-40AF-A280-0D8A7C9F6546}.Debug|Any CPU.Build.0 = Debug|Any CPU
		{5282A49F-7411-40AF-A280-0D8A7C9F6546}.Release|Any CPU.ActiveCfg = Release|Any CPU
		{5282A49F-7411-40AF-A280-0D8A7C9F6546}.Release|Any CPU.Build.0 = Release|Any CPU
		{22C4ACBD-DC3D-4FB4-9537-415EC4C83C04}.Debug|Any CPU.ActiveCfg = Debug|Any CPU
		{22C4ACBD-DC3D-4FB4-9537-415EC4C83C04}.Debug|Any CPU.Build.0 = Debug|Any CPU
		{22C4ACBD-DC3D-4FB4-9537-415EC4C83C04}.Release|Any CPU.ActiveCfg = Release|Any CPU
		{22C4ACBD-DC3D-4FB4-9537-415EC4C83C04}.Release|Any CPU.Build.0 = Release|Any CPU
		{2A922890-0E91-463B-8A8D-DEF71AACC250}.Debug|Any CPU.ActiveCfg = Debug|Any CPU
		{2A922890-0E91-463B-8A8D-DEF71AACC250}.Debug|Any CPU.Build.0 = Debug|Any CPU
		{2A922890-0E91-463B-8A8D-DEF71AACC250}.Release|Any CPU.ActiveCfg = Release|Any CPU
		{2A922890-0E91-463B-8A8D-DEF71AACC250}.Release|Any CPU.Build.0 = Release|Any CPU
		{923E55C7-4E70-45B9-9B5E-1A18463FF5EA}.Debug|Any CPU.ActiveCfg = Debug|Any CPU
		{923E55C7-4E70-45B9-9B5E-1A18463FF5EA}.Debug|Any CPU.Build.0 = Debug|Any CPU
		{923E55C7-4E70-45B9-9B5E-1A18463FF5EA}.Release|Any CPU.ActiveCfg = Release|Any CPU
		{923E55C7-4E70-45B9-9B5E-1A18463FF5EA}.Release|Any CPU.Build.0 = Release|Any CPU
	EndGlobalSection
	GlobalSection(SolutionProperties) = preSolution
		HideSolutionNode = FALSE
	EndGlobalSection
	GlobalSection(ExtensibilityGlobals) = postSolution
		SolutionGuid = {0DA281E6-D72F-4865-B650-AB17ADE74D8C}
	EndGlobalSection
EndGlobal
